
Microsoft Visual Studio Solution File, Format Version 12.00
# Visual Studio 15
VisualStudioVersion = 15.0.27703.2042
MinimumVisualStudioVersion = 10.0.40219.1
Project("{FAE04EC0-301F-11D3-BF4B-00C04F79EFBC}") = "TLKAC Printer Upload Service", "TLKAC Printer Upload Service\TLKAC Printer Upload Service.csproj", "{C9761AA7-FDF4-48BE-A397-0C13F90D75F5}"
EndProject
Project("{54435603-DBB4-11D2-8724-00A0C9A8B90C}") = "TLKAC Printer Upload Service Setup", "TLKAC Printer Upload Service Setup\TLKAC Printer Upload Service Setup.vdproj", "{37D2610D-F2DA-43AB-994C-1B85ADE66F7A}"
EndProject
Global
	GlobalSection(SolutionConfigurationPlatforms) = preSolution
		Debug|Any CPU = Debug|Any CPU
		Release|Any CPU = Release|Any CPU
	EndGlobalSection
	GlobalSection(ProjectConfigurationPlatforms) = postSolution
		{C9761AA7-FDF4-48BE-A397-0C13F90D75F5}.Debug|Any CPU.ActiveCfg = Debug|Any CPU
		{C9761AA7-FDF4-48BE-A397-0C13F90D75F5}.Debug|Any CPU.Build.0 = Debug|Any CPU
		{C9761AA7-FDF4-48BE-A397-0C13F90D75F5}.Release|Any CPU.ActiveCfg = Release|Any CPU
		{C9761AA7-FDF4-48BE-A397-0C13F90D75F5}.Release|Any CPU.Build.0 = Release|Any CPU
		{37D2610D-F2DA-43AB-994C-1B85ADE66F7A}.Debug|Any CPU.ActiveCfg = Debug
		{37D2610D-F2DA-43AB-994C-1B85ADE66F7A}.Release|Any CPU.ActiveCfg = Release
	EndGlobalSection
	GlobalSection(SolutionProperties) = preSolution
		HideSolutionNode = FALSE
	EndGlobalSection
	GlobalSection(ExtensibilityGlobals) = postSolution
		SolutionGuid = {ECE3EDCE-3D3A-4D93-ACCD-5E598E373BB4}
	EndGlobalSection
EndGlobal
